
Microsoft Visual Studio Solution File, Format Version 12.00
# Visual Studio Version 16
VisualStudioVersion = 16.0.31515.178
MinimumVisualStudioVersion = 10.0.40219.1
Project("{FAE04EC0-301F-11D3-BF4B-00C04F79EFBC}") = "Splash_Screen", "Splash_Screen\Splash_Screen.csproj", "{CA37B789-264E-4518-9DC6-1A4F362B76B3}"
EndProject
Global
	GlobalSection(SolutionConfigurationPlatforms) = preSolution
		Debug|Any CPU = Debug|Any CPU
		Release|Any CPU = Release|Any CPU
	EndGlobalSection
	GlobalSection(ProjectConfigurationPlatforms) = postSolution
		{CA37B789-264E-4518-9DC6-1A4F362B76B3}.Debug|Any CPU.ActiveCfg = Debug|Any CPU
		{CA37B789-264E-4518-9DC6-1A4F362B76B3}.Debug|Any CPU.Build.0 = Debug|Any CPU
		{CA37B789-264E-4518-9DC6-1A4F362B76B3}.Release|Any CPU.ActiveCfg = Release|Any CPU
		{CA37B789-264E-4518-9DC6-1A4F362B76B3}.Release|Any CPU.Build.0 = Release|Any CPU
	EndGlobalSection
	GlobalSection(SolutionProperties) = preSolution
		HideSolutionNode = FALSE
	EndGlobalSection
	GlobalSection(ExtensibilityGlobals) = postSolution
		SolutionGuid = {5B00CC6D-FE1F-4E86-AB44-224EF27F1DA2}
	EndGlobalSection
EndGlobal
