
Microsoft Visual Studio Solution File, Format Version 12.00
# Visual Studio Version 16
VisualStudioVersion = 16.0.31515.178
MinimumVisualStudioVersion = 10.0.40219.1
Project("{FAE04EC0-301F-11D3-BF4B-00C04F79EFBC}") = "Condicional", "Condicional\Condicional.csproj", "{02B3158A-BD36-406F-813B-861E3982ED14}"
EndProject
Global
	GlobalSection(SolutionConfigurationPlatforms) = preSolution
		Debug|Any CPU = Debug|Any CPU
		Release|Any CPU = Release|Any CPU
	EndGlobalSection
	GlobalSection(ProjectConfigurationPlatforms) = postSolution
		{02B3158A-BD36-406F-813B-861E3982ED14}.Debug|Any CPU.ActiveCfg = Debug|Any CPU
		{02B3158A-BD36-406F-813B-861E3982ED14}.Debug|Any CPU.Build.0 = Debug|Any CPU
		{02B3158A-BD36-406F-813B-861E3982ED14}.Release|Any CPU.ActiveCfg = Release|Any CPU
		{02B3158A-BD36-406F-813B-861E3982ED14}.Release|Any CPU.Build.0 = Release|Any CPU
	EndGlobalSection
	GlobalSection(SolutionProperties) = preSolution
		HideSolutionNode = FALSE
	EndGlobalSection
	GlobalSection(ExtensibilityGlobals) = postSolution
		SolutionGuid = {E1ED70D7-128F-42BF-A77E-319A517DF974}
	EndGlobalSection
EndGlobal
