
Microsoft Visual Studio Solution File, Format Version 12.00
# Visual Studio Version 16
VisualStudioVersion = 16.0.31515.178
MinimumVisualStudioVersion = 10.0.40219.1
Project("{F2A71F9B-5D33-465A-A702-920D77279786}") = "Conversao_Alfanumerica_para_numerica", "Conversao_Alfanumerica_para_numerica\Conversao_Alfanumerica_para_numerica.fsproj", "{09E36C4A-F10F-4BE5-BC7B-00D27C1D01C7}"
EndProject
Global
	GlobalSection(SolutionConfigurationPlatforms) = preSolution
		Debug|Any CPU = Debug|Any CPU
		Release|Any CPU = Release|Any CPU
	EndGlobalSection
	GlobalSection(ProjectConfigurationPlatforms) = postSolution
		{09E36C4A-F10F-4BE5-BC7B-00D27C1D01C7}.Debug|Any CPU.ActiveCfg = Debug|Any CPU
		{09E36C4A-F10F-4BE5-BC7B-00D27C1D01C7}.Debug|Any CPU.Build.0 = Debug|Any CPU
		{09E36C4A-F10F-4BE5-BC7B-00D27C1D01C7}.Debug|Any CPU.Deploy.0 = Debug|Any CPU
		{09E36C4A-F10F-4BE5-BC7B-00D27C1D01C7}.Release|Any CPU.ActiveCfg = Release|Any CPU
		{09E36C4A-F10F-4BE5-BC7B-00D27C1D01C7}.Release|Any CPU.Build.0 = Release|Any CPU
		{09E36C4A-F10F-4BE5-BC7B-00D27C1D01C7}.Release|Any CPU.Deploy.0 = Release|Any CPU
	EndGlobalSection
	GlobalSection(SolutionProperties) = preSolution
		HideSolutionNode = FALSE
	EndGlobalSection
	GlobalSection(ExtensibilityGlobals) = postSolution
		SolutionGuid = {0EB0ED6D-F409-40EB-BF6F-442C07FA93A7}
	EndGlobalSection
EndGlobal
