
Microsoft Visual Studio Solution File, Format Version 12.00
# Visual Studio Version 16
VisualStudioVersion = 16.0.31515.178
MinimumVisualStudioVersion = 10.0.40219.1
Project("{FAE04EC0-301F-11D3-BF4B-00C04F79EFBC}") = "Estrutura_De_Repetição_DO_While", "Estrutura_De_Repetição_DO_While\Estrutura_De_Repetição_DO_While.csproj", "{0C8F4B03-7446-4077-B3BA-5E6CFC76ED5E}"
EndProject
Global
	GlobalSection(SolutionConfigurationPlatforms) = preSolution
		Debug|Any CPU = Debug|Any CPU
		Release|Any CPU = Release|Any CPU
	EndGlobalSection
	GlobalSection(ProjectConfigurationPlatforms) = postSolution
		{0C8F4B03-7446-4077-B3BA-5E6CFC76ED5E}.Debug|Any CPU.ActiveCfg = Debug|Any CPU
		{0C8F4B03-7446-4077-B3BA-5E6CFC76ED5E}.Debug|Any CPU.Build.0 = Debug|Any CPU
		{0C8F4B03-7446-4077-B3BA-5E6CFC76ED5E}.Release|Any CPU.ActiveCfg = Release|Any CPU
		{0C8F4B03-7446-4077-B3BA-5E6CFC76ED5E}.Release|Any CPU.Build.0 = Release|Any CPU
	EndGlobalSection
	GlobalSection(SolutionProperties) = preSolution
		HideSolutionNode = FALSE
	EndGlobalSection
	GlobalSection(ExtensibilityGlobals) = postSolution
		SolutionGuid = {AD0BC339-B220-4A5C-A297-0DCED70E20C5}
	EndGlobalSection
EndGlobal
