
Microsoft Visual Studio Solution File, Format Version 12.00
# Visual Studio Version 16
VisualStudioVersion = 16.0.31515.178
MinimumVisualStudioVersion = 10.0.40219.1
Project("{FAE04EC0-301F-11D3-BF4B-00C04F79EFBC}") = "Estrutura_de_Repetição_While_Tabuada", "Estrutura_de_Repetição_While_Tabuada\Estrutura_de_Repetição_While_Tabuada.csproj", "{CA2239FA-88FD-4F81-A1E8-286A56D77DD1}"
EndProject
Global
	GlobalSection(SolutionConfigurationPlatforms) = preSolution
		Debug|Any CPU = Debug|Any CPU
		Release|Any CPU = Release|Any CPU
	EndGlobalSection
	GlobalSection(ProjectConfigurationPlatforms) = postSolution
		{CA2239FA-88FD-4F81-A1E8-286A56D77DD1}.Debug|Any CPU.ActiveCfg = Debug|Any CPU
		{CA2239FA-88FD-4F81-A1E8-286A56D77DD1}.Debug|Any CPU.Build.0 = Debug|Any CPU
		{CA2239FA-88FD-4F81-A1E8-286A56D77DD1}.Release|Any CPU.ActiveCfg = Release|Any CPU
		{CA2239FA-88FD-4F81-A1E8-286A56D77DD1}.Release|Any CPU.Build.0 = Release|Any CPU
	EndGlobalSection
	GlobalSection(SolutionProperties) = preSolution
		HideSolutionNode = FALSE
	EndGlobalSection
	GlobalSection(ExtensibilityGlobals) = postSolution
		SolutionGuid = {A3E12637-DC61-49D2-8E2C-E7F0C7D45ED8}
	EndGlobalSection
EndGlobal
