
Microsoft Visual Studio Solution File, Format Version 12.00
# Visual Studio Version 16
VisualStudioVersion = 16.0.31515.178
MinimumVisualStudioVersion = 10.0.40219.1
Project("{FAE04EC0-301F-11D3-BF4B-00C04F79EFBC}") = "Banco_de_Dados", "Banco_de_Dados\Banco_de_Dados.csproj", "{73CB2084-5F69-42CE-B921-8C4977A775B9}"
EndProject
Global
	GlobalSection(SolutionConfigurationPlatforms) = preSolution
		Debug|Any CPU = Debug|Any CPU
		Release|Any CPU = Release|Any CPU
	EndGlobalSection
	GlobalSection(ProjectConfigurationPlatforms) = postSolution
		{73CB2084-5F69-42CE-B921-8C4977A775B9}.Debug|Any CPU.ActiveCfg = Debug|Any CPU
		{73CB2084-5F69-42CE-B921-8C4977A775B9}.Debug|Any CPU.Build.0 = Debug|Any CPU
		{73CB2084-5F69-42CE-B921-8C4977A775B9}.Release|Any CPU.ActiveCfg = Release|Any CPU
		{73CB2084-5F69-42CE-B921-8C4977A775B9}.Release|Any CPU.Build.0 = Release|Any CPU
	EndGlobalSection
	GlobalSection(SolutionProperties) = preSolution
		HideSolutionNode = FALSE
	EndGlobalSection
	GlobalSection(ExtensibilityGlobals) = postSolution
		SolutionGuid = {A12AB690-7B56-4EA6-AC1E-832F15916997}
	EndGlobalSection
EndGlobal
